
Microsoft Visual Studio Solution File, Format Version 12.00
# Visual Studio 15
VisualStudioVersion = 15.0.28307.1259
MinimumVisualStudioVersion = 10.0.40219.1
Project("{FAE04EC0-301F-11D3-BF4B-00C04F79EFBC}") = "Dungeon", "Dungeon\Dungeon.csproj", "{191E3786-D227-4934-9280-57E8FF38DD67}"
EndProject
Project("{FAE04EC0-301F-11D3-BF4B-00C04F79EFBC}") = "DungeonLibrary", "DungeonLibrary\DungeonLibrary.csproj", "{998C26FF-8B3F-41D2-ADB7-07CD85E60691}"
EndProject
Global
	GlobalSection(SolutionConfigurationPlatforms) = preSolution
		Debug|Any CPU = Debug|Any CPU
		Release|Any CPU = Release|Any CPU
	EndGlobalSection
	GlobalSection(ProjectConfigurationPlatforms) = postSolution
		{191E3786-D227-4934-9280-57E8FF38DD67}.Debug|Any CPU.ActiveCfg = Debug|Any CPU
		{191E3786-D227-4934-9280-57E8FF38DD67}.Debug|Any CPU.Build.0 = Debug|Any CPU
		{191E3786-D227-4934-9280-57E8FF38DD67}.Release|Any CPU.ActiveCfg = Release|Any CPU
		{191E3786-D227-4934-9280-57E8FF38DD67}.Release|Any CPU.Build.0 = Release|Any CPU
		{998C26FF-8B3F-41D2-ADB7-07CD85E60691}.Debug|Any CPU.ActiveCfg = Debug|Any CPU
		{998C26FF-8B3F-41D2-ADB7-07CD85E60691}.Debug|Any CPU.Build.0 = Debug|Any CPU
		{998C26FF-8B3F-41D2-ADB7-07CD85E60691}.Release|Any CPU.ActiveCfg = Release|Any CPU
		{998C26FF-8B3F-41D2-ADB7-07CD85E60691}.Release|Any CPU.Build.0 = Release|Any CPU
	EndGlobalSection
	GlobalSection(SolutionProperties) = preSolution
		HideSolutionNode = FALSE
	EndGlobalSection
	GlobalSection(ExtensibilityGlobals) = postSolution
		SolutionGuid = {E5A605DB-ADFC-4DA3-A588-4DBA70A90E62}
	EndGlobalSection
EndGlobal
